// !$*UTF8*$!
{
	archiveVersion = 1;
	classes = {
	};
	objectVersion = 51;
	objects = {

/* Begin PBXBuildFile section */
		574E469B2699BDDA00A94A85 /* AppDelegate.swift in Sources */ = {isa = PBXBuildFile; fileRef = 574E469A2699BDDA00A94A85 /* AppDelegate.swift */; };
		574E46A22699BDDA00A94A85 /* Main.storyboard in Resources */ = {isa = PBXBuildFile; fileRef = 574E46A02699BDDA00A94A85 /* Main.storyboard */; };
		574E46A42699BDDE00A94A85 /* Assets.xcassets in Resources */ = {isa = PBXBuildFile; fileRef = 574E46A32699BDDE00A94A85 /* Assets.xcassets */; };
		574E46A72699BDDE00A94A85 /* LaunchScreen.storyboard in Resources */ = {isa = PBXBuildFile; fileRef = 574E46A52699BDDE00A94A85 /* LaunchScreen.storyboard */; };
		574E46DA2699CF0E00A94A85 /* Promise.swift in Sources */ = {isa = PBXBuildFile; fileRef = 574E46D12699CF0D00A94A85 /* Promise.swift */; };
		574E46DB2699CF0E00A94A85 /* NetworkError.swift in Sources */ = {isa = PBXBuildFile; fileRef = 574E46D22699CF0D00A94A85 /* NetworkError.swift */; };
		574E46DC2699CF0E00A94A85 /* URLRequestConvertible.swift in Sources */ = {isa = PBXBuildFile; fileRef = 574E46D32699CF0D00A94A85 /* URLRequestConvertible.swift */; };
		574E46DD2699CF0E00A94A85 /* NetworkMiddleware.swift in Sources */ = {isa = PBXBuildFile; fileRef = 574E46D42699CF0E00A94A85 /* NetworkMiddleware.swift */; };
		574E46DE2699CF0E00A94A85 /* RequestExtension.swift in Sources */ = {isa = PBXBuildFile; fileRef = 574E46D52699CF0E00A94A85 /* RequestExtension.swift */; };
		574E46E02699CF0E00A94A85 /* NetworkHandler.swift in Sources */ = {isa = PBXBuildFile; fileRef = 574E46D72699CF0E00A94A85 /* NetworkHandler.swift */; };
		574E46E12699CF0E00A94A85 /* FutureDecoded.swift in Sources */ = {isa = PBXBuildFile; fileRef = 574E46D82699CF0E00A94A85 /* FutureDecoded.swift */; };
		574E46E22699CF0E00A94A85 /* Future.swift in Sources */ = {isa = PBXBuildFile; fileRef = 574E46D92699CF0E00A94A85 /* Future.swift */; };
		574E46E72699D04F00A94A85 /* Constants.swift in Sources */ = {isa = PBXBuildFile; fileRef = 574E46E62699D04F00A94A85 /* Constants.swift */; };
		574E46EB2699D36200A94A85 /* BodyParameters.swift in Sources */ = {isa = PBXBuildFile; fileRef = 574E46EA2699D36200A94A85 /* BodyParameters.swift */; };
		574E46EE2699D3AB00A94A85 /* AppCasesApi.swift in Sources */ = {isa = PBXBuildFile; fileRef = 574E46ED2699D3AB00A94A85 /* AppCasesApi.swift */; };
		574E46F12699D4CB00A94A85 /* AlertBuilder.swift in Sources */ = {isa = PBXBuildFile; fileRef = 574E46F02699D4CB00A94A85 /* AlertBuilder.swift */; };
		574E46F82699D63100A94A85 /* UIViewControllerExtension.swift in Sources */ = {isa = PBXBuildFile; fileRef = 574E46F72699D63100A94A85 /* UIViewControllerExtension.swift */; };
		574E46FB2699D67300A94A85 /* StoryBoardTypes.swift in Sources */ = {isa = PBXBuildFile; fileRef = 574E46FA2699D67300A94A85 /* StoryBoardTypes.swift */; };
		574E47032699D79200A94A85 /* Messsage.swift in Sources */ = {isa = PBXBuildFile; fileRef = 574E47022699D79200A94A85 /* Messsage.swift */; };
		574E47062699D8B300A94A85 /* UIViewExtension.swift in Sources */ = {isa = PBXBuildFile; fileRef = 574E47052699D8B300A94A85 /* UIViewExtension.swift */; };
		574E47092699DA0800A94A85 /* MainNavigationBar.swift in Sources */ = {isa = PBXBuildFile; fileRef = 574E47082699DA0800A94A85 /* MainNavigationBar.swift */; };
		574E470D2699DA9A00A94A85 /* IngredientViewController.swift in Sources */ = {isa = PBXBuildFile; fileRef = 574E470C2699DA9A00A94A85 /* IngredientViewController.swift */; };
		574E47112699DAA900A94A85 /* IngredientViewModel.swift in Sources */ = {isa = PBXBuildFile; fileRef = 574E47102699DAA900A94A85 /* IngredientViewModel.swift */; };
		574E47142699DABE00A94A85 /* IngredientRepo.swift in Sources */ = {isa = PBXBuildFile; fileRef = 574E47132699DABE00A94A85 /* IngredientRepo.swift */; };
		574E47182699E1A500A94A85 /* UITextViewExtension.swift in Sources */ = {isa = PBXBuildFile; fileRef = 574E47172699E1A500A94A85 /* UITextViewExtension.swift */; };
		574E471C2699E86500A94A85 /* BaseViewController.swift in Sources */ = {isa = PBXBuildFile; fileRef = 574E471B2699E86500A94A85 /* BaseViewController.swift */; };
		574E471F2699E86D00A94A85 /* BaseViewModel.swift in Sources */ = {isa = PBXBuildFile; fileRef = 574E471E2699E86D00A94A85 /* BaseViewModel.swift */; };
		574E47222699E87500A94A85 /* BaseRepo.swift in Sources */ = {isa = PBXBuildFile; fileRef = 574E47212699E87500A94A85 /* BaseRepo.swift */; };
		574E47252699E8C800A94A85 /* IndicatorType.swift in Sources */ = {isa = PBXBuildFile; fileRef = 574E47242699E8C800A94A85 /* IndicatorType.swift */; };
		574E472A2699FF5A00A94A85 /* NutritionModel.swift in Sources */ = {isa = PBXBuildFile; fileRef = 574E47292699FF5A00A94A85 /* NutritionModel.swift */; };
		574E472F269A173300A94A85 /* TotalNutritionData.swift in Sources */ = {isa = PBXBuildFile; fileRef = 574E472E269A173300A94A85 /* TotalNutritionData.swift */; };
		574E4732269A1A6C00A94A85 /* Unit.swift in Sources */ = {isa = PBXBuildFile; fileRef = 574E4731269A1A6C00A94A85 /* Unit.swift */; };
		574E473D269A229F00A94A85 /* DoubleExtension.swift in Sources */ = {isa = PBXBuildFile; fileRef = 574E473C269A229E00A94A85 /* DoubleExtension.swift */; };
		574E4744269A251200A94A85 /* IngredientsTableViewCel.swift in Sources */ = {isa = PBXBuildFile; fileRef = 574E4742269A251200A94A85 /* IngredientsTableViewCel.swift */; };
		574E4745269A251200A94A85 /* IngredientsTableViewCell.xib in Resources */ = {isa = PBXBuildFile; fileRef = 574E4743269A251200A94A85 /* IngredientsTableViewCell.xib */; };
		574E474C269A28FE00A94A85 /* DialyNutrientsViewController.swift in Sources */ = {isa = PBXBuildFile; fileRef = 574E474B269A28FE00A94A85 /* DialyNutrientsViewController.swift */; };
		574E474F269A291F00A94A85 /* DialyNutrientsViewModel.swift in Sources */ = {isa = PBXBuildFile; fileRef = 574E474E269A291F00A94A85 /* DialyNutrientsViewModel.swift */; };
		574E4756269A2D8B00A94A85 /* NSObjectExtension.swift in Sources */ = {isa = PBXBuildFile; fileRef = 574E4755269A2D8B00A94A85 /* NSObjectExtension.swift */; };
		AA44B53016BD8FF9024E709F /* Pods_NutritionAnalysis.framework in Frameworks */ = {isa = PBXBuildFile; fileRef = 04FA2DDCA67820CD795C6304 /* Pods_NutritionAnalysis.framework */; };
/* End PBXBuildFile section */

/* Begin PBXFileReference section */
		0125DB786AF687C6DC16E642 /* Pods-NutritionAnalysis.debug.xcconfig */ = {isa = PBXFileReference; includeInIndex = 1; lastKnownFileType = text.xcconfig; name = "Pods-NutritionAnalysis.debug.xcconfig"; path = "Target Support Files/Pods-NutritionAnalysis/Pods-NutritionAnalysis.debug.xcconfig"; sourceTree = "<group>"; };
		04FA2DDCA67820CD795C6304 /* Pods_NutritionAnalysis.framework */ = {isa = PBXFileReference; explicitFileType = wrapper.framework; includeInIndex = 0; path = Pods_NutritionAnalysis.framework; sourceTree = BUILT_PRODUCTS_DIR; };
		574E46972699BDDA00A94A85 /* NutritionAnalysis.app */ = {isa = PBXFileReference; explicitFileType = wrapper.application; includeInIndex = 0; path = NutritionAnalysis.app; sourceTree = BUILT_PRODUCTS_DIR; };
		574E469A2699BDDA00A94A85 /* AppDelegate.swift */ = {isa = PBXFileReference; lastKnownFileType = sourcecode.swift; path = AppDelegate.swift; sourceTree = "<group>"; };
		574E46A12699BDDA00A94A85 /* Base */ = {isa = PBXFileReference; lastKnownFileType = file.storyboard; name = Base; path = Base.lproj/Main.storyboard; sourceTree = "<group>"; };
		574E46A32699BDDE00A94A85 /* Assets.xcassets */ = {isa = PBXFileReference; lastKnownFileType = folder.assetcatalog; path = Assets.xcassets; sourceTree = "<group>"; };
		574E46A62699BDDE00A94A85 /* Base */ = {isa = PBXFileReference; lastKnownFileType = file.storyboard; name = Base; path = Base.lproj/LaunchScreen.storyboard; sourceTree = "<group>"; };
		574E46A82699BDDE00A94A85 /* Info.plist */ = {isa = PBXFileReference; lastKnownFileType = text.plist.xml; path = Info.plist; sourceTree = "<group>"; };
		574E46D12699CF0D00A94A85 /* Promise.swift */ = {isa = PBXFileReference; fileEncoding = 4; lastKnownFileType = sourcecode.swift; path = Promise.swift; sourceTree = "<group>"; };
		574E46D22699CF0D00A94A85 /* NetworkError.swift */ = {isa = PBXFileReference; fileEncoding = 4; lastKnownFileType = sourcecode.swift; path = NetworkError.swift; sourceTree = "<group>"; };
		574E46D32699CF0D00A94A85 /* URLRequestConvertible.swift */ = {isa = PBXFileReference; fileEncoding = 4; lastKnownFileType = sourcecode.swift; path = URLRequestConvertible.swift; sourceTree = "<group>"; };
		574E46D42699CF0E00A94A85 /* NetworkMiddleware.swift */ = {isa = PBXFileReference; fileEncoding = 4; lastKnownFileType = sourcecode.swift; path = NetworkMiddleware.swift; sourceTree = "<group>"; };
		574E46D52699CF0E00A94A85 /* RequestExtension.swift */ = {isa = PBXFileReference; fileEncoding = 4; lastKnownFileType = sourcecode.swift; path = RequestExtension.swift; sourceTree = "<group>"; };
		574E46D72699CF0E00A94A85 /* NetworkHandler.swift */ = {isa = PBXFileReference; fileEncoding = 4; lastKnownFileType = sourcecode.swift; path = NetworkHandler.swift; sourceTree = "<group>"; };
		574E46D82699CF0E00A94A85 /* FutureDecoded.swift */ = {isa = PBXFileReference; fileEncoding = 4; lastKnownFileType = sourcecode.swift; path = FutureDecoded.swift; sourceTree = "<group>"; };
		574E46D92699CF0E00A94A85 /* Future.swift */ = {isa = PBXFileReference; fileEncoding = 4; lastKnownFileType = sourcecode.swift; path = Future.swift; sourceTree = "<group>"; };
		574E46E62699D04F00A94A85 /* Constants.swift */ = {isa = PBXFileReference; lastKnownFileType = sourcecode.swift; path = Constants.swift; sourceTree = "<group>"; };
		574E46EA2699D36200A94A85 /* BodyParameters.swift */ = {isa = PBXFileReference; fileEncoding = 4; lastKnownFileType = sourcecode.swift; path = BodyParameters.swift; sourceTree = "<group>"; };
		574E46ED2699D3AB00A94A85 /* AppCasesApi.swift */ = {isa = PBXFileReference; fileEncoding = 4; lastKnownFileType = sourcecode.swift; path = AppCasesApi.swift; sourceTree = "<group>"; };
		574E46F02699D4CB00A94A85 /* AlertBuilder.swift */ = {isa = PBXFileReference; fileEncoding = 4; lastKnownFileType = sourcecode.swift; path = AlertBuilder.swift; sourceTree = "<group>"; };
		574E46F72699D63100A94A85 /* UIViewControllerExtension.swift */ = {isa = PBXFileReference; lastKnownFileType = sourcecode.swift; path = UIViewControllerExtension.swift; sourceTree = "<group>"; };
		574E46FA2699D67300A94A85 /* StoryBoardTypes.swift */ = {isa = PBXFileReference; fileEncoding = 4; lastKnownFileType = sourcecode.swift; path = StoryBoardTypes.swift; sourceTree = "<group>"; };
		574E47022699D79200A94A85 /* Messsage.swift */ = {isa = PBXFileReference; lastKnownFileType = sourcecode.swift; path = Messsage.swift; sourceTree = "<group>"; };
		574E47052699D8B300A94A85 /* UIViewExtension.swift */ = {isa = PBXFileReference; lastKnownFileType = sourcecode.swift; path = UIViewExtension.swift; sourceTree = "<group>"; };
		574E47082699DA0800A94A85 /* MainNavigationBar.swift */ = {isa = PBXFileReference; fileEncoding = 4; lastKnownFileType = sourcecode.swift; path = MainNavigationBar.swift; sourceTree = "<group>"; };
		574E470C2699DA9A00A94A85 /* IngredientViewController.swift */ = {isa = PBXFileReference; lastKnownFileType = sourcecode.swift; path = IngredientViewController.swift; sourceTree = "<group>"; };
		574E47102699DAA900A94A85 /* IngredientViewModel.swift */ = {isa = PBXFileReference; lastKnownFileType = sourcecode.swift; path = IngredientViewModel.swift; sourceTree = "<group>"; };
		574E47132699DABE00A94A85 /* IngredientRepo.swift */ = {isa = PBXFileReference; lastKnownFileType = sourcecode.swift; path = IngredientRepo.swift; sourceTree = "<group>"; };
		574E47172699E1A500A94A85 /* UITextViewExtension.swift */ = {isa = PBXFileReference; lastKnownFileType = sourcecode.swift; path = UITextViewExtension.swift; sourceTree = "<group>"; };
		574E471B2699E86500A94A85 /* BaseViewController.swift */ = {isa = PBXFileReference; fileEncoding = 4; lastKnownFileType = sourcecode.swift; path = BaseViewController.swift; sourceTree = "<group>"; };
		574E471E2699E86D00A94A85 /* BaseViewModel.swift */ = {isa = PBXFileReference; fileEncoding = 4; lastKnownFileType = sourcecode.swift; path = BaseViewModel.swift; sourceTree = "<group>"; };
		574E47212699E87500A94A85 /* BaseRepo.swift */ = {isa = PBXFileReference; fileEncoding = 4; lastKnownFileType = sourcecode.swift; path = BaseRepo.swift; sourceTree = "<group>"; };
		574E47242699E8C800A94A85 /* IndicatorType.swift */ = {isa = PBXFileReference; lastKnownFileType = sourcecode.swift; path = IndicatorType.swift; sourceTree = "<group>"; };
		574E47292699FF5A00A94A85 /* NutritionModel.swift */ = {isa = PBXFileReference; lastKnownFileType = sourcecode.swift; path = NutritionModel.swift; sourceTree = "<group>"; };
		574E472E269A173300A94A85 /* TotalNutritionData.swift */ = {isa = PBXFileReference; lastKnownFileType = sourcecode.swift; path = TotalNutritionData.swift; sourceTree = "<group>"; };
		574E4731269A1A6C00A94A85 /* Unit.swift */ = {isa = PBXFileReference; lastKnownFileType = sourcecode.swift; path = Unit.swift; sourceTree = "<group>"; };
		574E473C269A229E00A94A85 /* DoubleExtension.swift */ = {isa = PBXFileReference; fileEncoding = 4; lastKnownFileType = sourcecode.swift; path = DoubleExtension.swift; sourceTree = "<group>"; };
		574E4742269A251200A94A85 /* IngredientsTableViewCel.swift */ = {isa = PBXFileReference; lastKnownFileType = sourcecode.swift; path = IngredientsTableViewCel.swift; sourceTree = "<group>"; };
		574E4743269A251200A94A85 /* IngredientsTableViewCell.xib */ = {isa = PBXFileReference; lastKnownFileType = file.xib; path = IngredientsTableViewCell.xib; sourceTree = "<group>"; };
		574E474B269A28FE00A94A85 /* DialyNutrientsViewController.swift */ = {isa = PBXFileReference; lastKnownFileType = sourcecode.swift; path = DialyNutrientsViewController.swift; sourceTree = "<group>"; };
		574E474E269A291F00A94A85 /* DialyNutrientsViewModel.swift */ = {isa = PBXFileReference; lastKnownFileType = sourcecode.swift; path = DialyNutrientsViewModel.swift; sourceTree = "<group>"; };
		574E4755269A2D8B00A94A85 /* NSObjectExtension.swift */ = {isa = PBXFileReference; fileEncoding = 4; lastKnownFileType = sourcecode.swift; path = NSObjectExtension.swift; sourceTree = "<group>"; };
		CB274629C624CAA3C800F0E7 /* Pods-NutritionAnalysis.release.xcconfig */ = {isa = PBXFileReference; includeInIndex = 1; lastKnownFileType = text.xcconfig; name = "Pods-NutritionAnalysis.release.xcconfig"; path = "Target Support Files/Pods-NutritionAnalysis/Pods-NutritionAnalysis.release.xcconfig"; sourceTree = "<group>"; };
/* End PBXFileReference section */

/* Begin PBXFrameworksBuildPhase section */
		574E46942699BDDA00A94A85 /* Frameworks */ = {
			isa = PBXFrameworksBuildPhase;
			buildActionMask = 2147483647;
			files = (
				AA44B53016BD8FF9024E709F /* Pods_NutritionAnalysis.framework in Frameworks */,
			);
			runOnlyForDeploymentPostprocessing = 0;
		};
/* End PBXFrameworksBuildPhase section */

/* Begin PBXGroup section */
		41EA7F35D2CA01BF8E0BD17B /* Pods */ = {
			isa = PBXGroup;
			children = (
				0125DB786AF687C6DC16E642 /* Pods-NutritionAnalysis.debug.xcconfig */,
				CB274629C624CAA3C800F0E7 /* Pods-NutritionAnalysis.release.xcconfig */,
			);
			path = Pods;
			sourceTree = "<group>";
		};
		42AE8260812F850B77006501 /* Frameworks */ = {
			isa = PBXGroup;
			children = (
				04FA2DDCA67820CD795C6304 /* Pods_NutritionAnalysis.framework */,
			);
			name = Frameworks;
			sourceTree = "<group>";
		};
		574E468E2699BDDA00A94A85 = {
			isa = PBXGroup;
			children = (
				574E46992699BDDA00A94A85 /* NutritionAnalysis */,
				574E46982699BDDA00A94A85 /* Products */,
				41EA7F35D2CA01BF8E0BD17B /* Pods */,
				42AE8260812F850B77006501 /* Frameworks */,
			);
			sourceTree = "<group>";
		};
		574E46982699BDDA00A94A85 /* Products */ = {
			isa = PBXGroup;
			children = (
				574E46972699BDDA00A94A85 /* NutritionAnalysis.app */,
			);
			name = Products;
			sourceTree = "<group>";
		};
		574E46992699BDDA00A94A85 /* NutritionAnalysis */ = {
			isa = PBXGroup;
			children = (
				574E4758269A2F7700A94A85 /* Coordinator */,
				574E4741269A24AE00A94A85 /* ReusibleViews */,
				574E471A2699E85900A94A85 /* Base */,
				574E46B02699C10700A94A85 /* Scenes */,
				574E46B12699C10E00A94A85 /* Extensions */,
				574E46E52699CF3000A94A85 /* Utilities */,
				574E46B62699C74700A94A85 /* Enums */,
				574E46B22699C72900A94A85 /* NetworkLayer */,
				574E46B72699C75000A94A85 /* Resources */,
				574E46B82699C75700A94A85 /* Configuration */,
				574E46B92699C76C00A94A85 /* AppDelegate */,
				574E46BA2699C77900A94A85 /* StoryBoards */,
			);
			path = NutritionAnalysis;
			sourceTree = "<group>";
		};
		574E46B02699C10700A94A85 /* Scenes */ = {
			isa = PBXGroup;
			children = (
				574E4749269A28A500A94A85 /* DialyNutrients */,
				574E470B2699DA5700A94A85 /* Ingredient */,
			);
			path = Scenes;
			sourceTree = "<group>";
		};
		574E46B12699C10E00A94A85 /* Extensions */ = {
			isa = PBXGroup;
			children = (
				574E4755269A2D8B00A94A85 /* NSObjectExtension.swift */,
				574E473C269A229E00A94A85 /* DoubleExtension.swift */,
				574E46F72699D63100A94A85 /* UIViewControllerExtension.swift */,
				574E47052699D8B300A94A85 /* UIViewExtension.swift */,
				574E47172699E1A500A94A85 /* UITextViewExtension.swift */,
			);
			path = Extensions;
			sourceTree = "<group>";
		};
		574E46B22699C72900A94A85 /* NetworkLayer */ = {
			isa = PBXGroup;
			children = (
				574E46B52699C73F00A94A85 /* Api */,
				574E46B42699C73B00A94A85 /* Model */,
				574E46B32699C73400A94A85 /* Builder */,
			);
			path = NetworkLayer;
			sourceTree = "<group>";
		};
		574E46B32699C73400A94A85 /* Builder */ = {
			isa = PBXGroup;
			children = (
				574E46D92699CF0E00A94A85 /* Future.swift */,
				574E46D82699CF0E00A94A85 /* FutureDecoded.swift */,
				574E46D22699CF0D00A94A85 /* NetworkError.swift */,
				574E46D72699CF0E00A94A85 /* NetworkHandler.swift */,
				574E46D42699CF0E00A94A85 /* NetworkMiddleware.swift */,
				574E46D12699CF0D00A94A85 /* Promise.swift */,
				574E46D52699CF0E00A94A85 /* RequestExtension.swift */,
				574E46D32699CF0D00A94A85 /* URLRequestConvertible.swift */,
			);
			path = Builder;
			sourceTree = "<group>";
		};
		574E46B42699C73B00A94A85 /* Model */ = {
			isa = PBXGroup;
			children = (
				574E47292699FF5A00A94A85 /* NutritionModel.swift */,
				574E472E269A173300A94A85 /* TotalNutritionData.swift */,
			);
			path = Model;
			sourceTree = "<group>";
		};
		574E46B52699C73F00A94A85 /* Api */ = {
			isa = PBXGroup;
			children = (
				574E46ED2699D3AB00A94A85 /* AppCasesApi.swift */,
			);
			path = Api;
			sourceTree = "<group>";
		};
		574E46B62699C74700A94A85 /* Enums */ = {
			isa = PBXGroup;
			children = (
				574E46FA2699D67300A94A85 /* StoryBoardTypes.swift */,
				574E47022699D79200A94A85 /* Messsage.swift */,
				574E47242699E8C800A94A85 /* IndicatorType.swift */,
				574E4731269A1A6C00A94A85 /* Unit.swift */,
			);
			path = Enums;
			sourceTree = "<group>";
		};
		574E46B72699C75000A94A85 /* Resources */ = {
			isa = PBXGroup;
			children = (
				574E46A32699BDDE00A94A85 /* Assets.xcassets */,
			);
			path = Resources;
			sourceTree = "<group>";
		};
		574E46B82699C75700A94A85 /* Configuration */ = {
			isa = PBXGroup;
			children = (
				574E46A82699BDDE00A94A85 /* Info.plist */,
			);
			path = Configuration;
			sourceTree = "<group>";
		};
		574E46B92699C76C00A94A85 /* AppDelegate */ = {
			isa = PBXGroup;
			children = (
				574E469A2699BDDA00A94A85 /* AppDelegate.swift */,
			);
			path = AppDelegate;
			sourceTree = "<group>";
		};
		574E46BA2699C77900A94A85 /* StoryBoards */ = {
			isa = PBXGroup;
			children = (
				574E46A02699BDDA00A94A85 /* Main.storyboard */,
				574E46A52699BDDE00A94A85 /* LaunchScreen.storyboard */,
			);
			path = StoryBoards;
			sourceTree = "<group>";
		};
		574E46E52699CF3000A94A85 /* Utilities */ = {
			isa = PBXGroup;
			children = (
				574E47082699DA0800A94A85 /* MainNavigationBar.swift */,
				574E46F02699D4CB00A94A85 /* AlertBuilder.swift */,
				574E46E62699D04F00A94A85 /* Constants.swift */,
				574E46EA2699D36200A94A85 /* BodyParameters.swift */,
			);
			path = Utilities;
			sourceTree = "<group>";
		};
		574E470B2699DA5700A94A85 /* Ingredient */ = {
			isa = PBXGroup;
			children = (
				574E470C2699DA9A00A94A85 /* IngredientViewController.swift */,
				574E47102699DAA900A94A85 /* IngredientViewModel.swift */,
				574E47132699DABE00A94A85 /* IngredientRepo.swift */,
			);
			path = Ingredient;
			sourceTree = "<group>";
		};
		574E471A2699E85900A94A85 /* Base */ = {
			isa = PBXGroup;
			children = (
				574E471B2699E86500A94A85 /* BaseViewController.swift */,
				574E471E2699E86D00A94A85 /* BaseViewModel.swift */,
				574E47212699E87500A94A85 /* BaseRepo.swift */,
			);
			path = Base;
			sourceTree = "<group>";
		};
		574E4741269A24AE00A94A85 /* ReusibleViews */ = {
			isa = PBXGroup;
			children = (
				574E4742269A251200A94A85 /* IngredientsTableViewCel.swift */,
				574E4743269A251200A94A85 /* IngredientsTableViewCell.xib */,
			);
			path = ReusibleViews;
			sourceTree = "<group>";
		};
		574E4749269A28A500A94A85 /* DialyNutrients */ = {
			isa = PBXGroup;
			children = (
				574E474B269A28FE00A94A85 /* DialyNutrientsViewController.swift */,
				574E474E269A291F00A94A85 /* DialyNutrientsViewModel.swift */,
			);
			path = DialyNutrients;
			sourceTree = "<group>";
		};
		574E4758269A2F7700A94A85 /* Coordinator */ = {
			isa = PBXGroup;
			children = (
				574E4759269A2F7D00A94A85 /* Factory */,
			);
			path = Coordinator;
			sourceTree = "<group>";
		};
		574E4759269A2F7D00A94A85 /* Factory */ = {
			isa = PBXGroup;
			children = (
			);
			path = Factory;
			sourceTree = "<group>";
		};
/* End PBXGroup section */

/* Begin PBXNativeTarget section */
		574E46962699BDDA00A94A85 /* NutritionAnalysis */ = {
			isa = PBXNativeTarget;
			buildConfigurationList = 574E46AB2699BDDE00A94A85 /* Build configuration list for PBXNativeTarget "NutritionAnalysis" */;
			buildPhases = (
				68F1E3F5196FE90B1974BE0D /* [CP] Check Pods Manifest.lock */,
				574E46932699BDDA00A94A85 /* Sources */,
				574E46942699BDDA00A94A85 /* Frameworks */,
				574E46952699BDDA00A94A85 /* Resources */,
				C83BB139D5F5EFF13F61D088 /* [CP] Embed Pods Frameworks */,
			);
			buildRules = (
			);
			dependencies = (
			);
			name = NutritionAnalysis;
			productName = NutritionAnalysis;
			productReference = 574E46972699BDDA00A94A85 /* NutritionAnalysis.app */;
			productType = "com.apple.product-type.application";
		};
/* End PBXNativeTarget section */

/* Begin PBXProject section */
		574E468F2699BDDA00A94A85 /* Project object */ = {
			isa = PBXProject;
			attributes = {
				LastSwiftUpdateCheck = 1240;
				LastUpgradeCheck = 1240;
				TargetAttributes = {
					574E46962699BDDA00A94A85 = {
						CreatedOnToolsVersion = 12.4;
					};
				};
			};
			buildConfigurationList = 574E46922699BDDA00A94A85 /* Build configuration list for PBXProject "NutritionAnalysis" */;
			compatibilityVersion = "Xcode 9.3";
			developmentRegion = en;
			hasScannedForEncodings = 0;
			knownRegions = (
				en,
				Base,
			);
			mainGroup = 574E468E2699BDDA00A94A85;
			productRefGroup = 574E46982699BDDA00A94A85 /* Products */;
			projectDirPath = "";
			projectRoot = "";
			targets = (
				574E46962699BDDA00A94A85 /* NutritionAnalysis */,
			);
		};
/* End PBXProject section */

/* Begin PBXResourcesBuildPhase section */
		574E46952699BDDA00A94A85 /* Resources */ = {
			isa = PBXResourcesBuildPhase;
			buildActionMask = 2147483647;
			files = (
				574E4745269A251200A94A85 /* IngredientsTableViewCell.xib in Resources */,
				574E46A72699BDDE00A94A85 /* LaunchScreen.storyboard in Resources */,
				574E46A42699BDDE00A94A85 /* Assets.xcassets in Resources */,
				574E46A22699BDDA00A94A85 /* Main.storyboard in Resources */,
			);
			runOnlyForDeploymentPostprocessing = 0;
		};
/* End PBXResourcesBuildPhase section */

/* Begin PBXShellScriptBuildPhase section */
		68F1E3F5196FE90B1974BE0D /* [CP] Check Pods Manifest.lock */ = {
			isa = PBXShellScriptBuildPhase;
			buildActionMask = 2147483647;
			files = (
			);
			inputFileListPaths = (
			);
			inputPaths = (
				"${PODS_PODFILE_DIR_PATH}/Podfile.lock",
				"${PODS_ROOT}/Manifest.lock",
			);
			name = "[CP] Check Pods Manifest.lock";
			outputFileListPaths = (
			);
			outputPaths = (
				"$(DERIVED_FILE_DIR)/Pods-NutritionAnalysis-checkManifestLockResult.txt",
			);
			runOnlyForDeploymentPostprocessing = 0;
			shellPath = /bin/sh;
			shellScript = "diff \"${PODS_PODFILE_DIR_PATH}/Podfile.lock\" \"${PODS_ROOT}/Manifest.lock\" > /dev/null\nif [ $? != 0 ] ; then\n    # print error to STDERR\n    echo \"error: The sandbox is not in sync with the Podfile.lock. Run 'pod install' or update your CocoaPods installation.\" >&2\n    exit 1\nfi\n# This output is used by Xcode 'outputs' to avoid re-running this script phase.\necho \"SUCCESS\" > \"${SCRIPT_OUTPUT_FILE_0}\"\n";
			showEnvVarsInLog = 0;
		};
		C83BB139D5F5EFF13F61D088 /* [CP] Embed Pods Frameworks */ = {
			isa = PBXShellScriptBuildPhase;
			buildActionMask = 2147483647;
			files = (
			);
			inputFileListPaths = (
				"${PODS_ROOT}/Target Support Files/Pods-NutritionAnalysis/Pods-NutritionAnalysis-frameworks-${CONFIGURATION}-input-files.xcfilelist",
			);
			name = "[CP] Embed Pods Frameworks";
			outputFileListPaths = (
				"${PODS_ROOT}/Target Support Files/Pods-NutritionAnalysis/Pods-NutritionAnalysis-frameworks-${CONFIGURATION}-output-files.xcfilelist",
			);
			runOnlyForDeploymentPostprocessing = 0;
			shellPath = /bin/sh;
			shellScript = "\"${PODS_ROOT}/Target Support Files/Pods-NutritionAnalysis/Pods-NutritionAnalysis-frameworks.sh\"\n";
			showEnvVarsInLog = 0;
		};
/* End PBXShellScriptBuildPhase section */

/* Begin PBXSourcesBuildPhase section */
		574E46932699BDDA00A94A85 /* Sources */ = {
			isa = PBXSourcesBuildPhase;
			buildActionMask = 2147483647;
			files = (
				574E473D269A229F00A94A85 /* DoubleExtension.swift in Sources */,
				574E4756269A2D8B00A94A85 /* NSObjectExtension.swift in Sources */,
				574E4744269A251200A94A85 /* IngredientsTableViewCel.swift in Sources */,
				574E46DB2699CF0E00A94A85 /* NetworkError.swift in Sources */,
				574E47112699DAA900A94A85 /* IngredientViewModel.swift in Sources */,
				574E47142699DABE00A94A85 /* IngredientRepo.swift in Sources */,
				574E47222699E87500A94A85 /* BaseRepo.swift in Sources */,
				574E471C2699E86500A94A85 /* BaseViewController.swift in Sources */,
				574E474C269A28FE00A94A85 /* DialyNutrientsViewController.swift in Sources */,
				574E4732269A1A6C00A94A85 /* Unit.swift in Sources */,
				574E472F269A173300A94A85 /* TotalNutritionData.swift in Sources */,
				574E47032699D79200A94A85 /* Messsage.swift in Sources */,
				574E471F2699E86D00A94A85 /* BaseViewModel.swift in Sources */,
				574E46EB2699D36200A94A85 /* BodyParameters.swift in Sources */,
				574E46DE2699CF0E00A94A85 /* RequestExtension.swift in Sources */,
				574E469B2699BDDA00A94A85 /* AppDelegate.swift in Sources */,
				574E47182699E1A500A94A85 /* UITextViewExtension.swift in Sources */,
				574E46DD2699CF0E00A94A85 /* NetworkMiddleware.swift in Sources */,
				574E474F269A291F00A94A85 /* DialyNutrientsViewModel.swift in Sources */,
				574E472A2699FF5A00A94A85 /* NutritionModel.swift in Sources */,
				574E46F12699D4CB00A94A85 /* AlertBuilder.swift in Sources */,
				574E46E12699CF0E00A94A85 /* FutureDecoded.swift in Sources */,
				574E47062699D8B300A94A85 /* UIViewExtension.swift in Sources */,
				574E470D2699DA9A00A94A85 /* IngredientViewController.swift in Sources */,
				574E46EE2699D3AB00A94A85 /* AppCasesApi.swift in Sources */,
				574E47252699E8C800A94A85 /* IndicatorType.swift in Sources */,
				574E46E72699D04F00A94A85 /* Constants.swift in Sources */,
				574E46FB2699D67300A94A85 /* StoryBoardTypes.swift in Sources */,
				574E46DA2699CF0E00A94A85 /* Promise.swift in Sources */,
				574E46DC2699CF0E00A94A85 /* URLRequestConvertible.swift in Sources */,
				574E47092699DA0800A94A85 /* MainNavigationBar.swift in Sources */,
				574E46E22699CF0E00A94A85 /* Future.swift in Sources */,
				574E46F82699D63100A94A85 /* UIViewControllerExtension.swift in Sources */,
				574E46E02699CF0E00A94A85 /* NetworkHandler.swift in Sources */,
			);
			runOnlyForDeploymentPostprocessing = 0;
		};
/* End PBXSourcesBuildPhase section */

/* Begin PBXVariantGroup section */
		574E46A02699BDDA00A94A85 /* Main.storyboard */ = {
			isa = PBXVariantGroup;
			children = (
				574E46A12699BDDA00A94A85 /* Base */,
			);
			name = Main.storyboard;
			sourceTree = "<group>";
		};
		574E46A52699BDDE00A94A85 /* LaunchScreen.storyboard */ = {
			isa = PBXVariantGroup;
			children = (
				574E46A62699BDDE00A94A85 /* Base */,
			);
			name = LaunchScreen.storyboard;
			sourceTree = "<group>";
		};
/* End PBXVariantGroup section */

/* Begin XCBuildConfiguration section */
		574E46A92699BDDE00A94A85 /* Debug */ = {
			isa = XCBuildConfiguration;
			buildSettings = {
				ALWAYS_SEARCH_USER_PATHS = NO;
				CLANG_ANALYZER_NONNULL = YES;
				CLANG_ANALYZER_NUMBER_OBJECT_CONVERSION = YES_AGGRESSIVE;
				CLANG_CXX_LANGUAGE_STANDARD = "gnu++14";
				CLANG_CXX_LIBRARY = "libc++";
				CLANG_ENABLE_MODULES = YES;
				CLANG_ENABLE_OBJC_ARC = YES;
				CLANG_ENABLE_OBJC_WEAK = YES;
				CLANG_WARN_BLOCK_CAPTURE_AUTORELEASING = YES;
				CLANG_WARN_BOOL_CONVERSION = YES;
				CLANG_WARN_COMMA = YES;
				CLANG_WARN_CONSTANT_CONVERSION = YES;
				CLANG_WARN_DEPRECATED_OBJC_IMPLEMENTATIONS = YES;
				CLANG_WARN_DIRECT_OBJC_ISA_USAGE = YES_ERROR;
				CLANG_WARN_DOCUMENTATION_COMMENTS = YES;
				CLANG_WARN_EMPTY_BODY = YES;
				CLANG_WARN_ENUM_CONVERSION = YES;
				CLANG_WARN_INFINITE_RECURSION = YES;
				CLANG_WARN_INT_CONVERSION = YES;
				CLANG_WARN_NON_LITERAL_NULL_CONVERSION = YES;
				CLANG_WARN_OBJC_IMPLICIT_RETAIN_SELF = YES;
				CLANG_WARN_OBJC_LITERAL_CONVERSION = YES;
				CLANG_WARN_OBJC_ROOT_CLASS = YES_ERROR;
				CLANG_WARN_QUOTED_INCLUDE_IN_FRAMEWORK_HEADER = YES;
				CLANG_WARN_RANGE_LOOP_ANALYSIS = YES;
				CLANG_WARN_STRICT_PROTOTYPES = YES;
				CLANG_WARN_SUSPICIOUS_MOVE = YES;
				CLANG_WARN_UNGUARDED_AVAILABILITY = YES_AGGRESSIVE;
				CLANG_WARN_UNREACHABLE_CODE = YES;
				CLANG_WARN__DUPLICATE_METHOD_MATCH = YES;
				COPY_PHASE_STRIP = NO;
				DEBUG_INFORMATION_FORMAT = dwarf;
				ENABLE_STRICT_OBJC_MSGSEND = YES;
				ENABLE_TESTABILITY = YES;
				GCC_C_LANGUAGE_STANDARD = gnu11;
				GCC_DYNAMIC_NO_PIC = NO;
				GCC_NO_COMMON_BLOCKS = YES;
				GCC_OPTIMIZATION_LEVEL = 0;
				GCC_PREPROCESSOR_DEFINITIONS = (
					"DEBUG=1",
					"$(inherited)",
				);
				GCC_WARN_64_TO_32_BIT_CONVERSION = YES;
				GCC_WARN_ABOUT_RETURN_TYPE = YES_ERROR;
				GCC_WARN_UNDECLARED_SELECTOR = YES;
				GCC_WARN_UNINITIALIZED_AUTOS = YES_AGGRESSIVE;
				GCC_WARN_UNUSED_FUNCTION = YES;
				GCC_WARN_UNUSED_VARIABLE = YES;
				IPHONEOS_DEPLOYMENT_TARGET = 14.4;
				MTL_ENABLE_DEBUG_INFO = INCLUDE_SOURCE;
				MTL_FAST_MATH = YES;
				ONLY_ACTIVE_ARCH = YES;
				SDKROOT = iphoneos;
				SWIFT_ACTIVE_COMPILATION_CONDITIONS = DEBUG;
				SWIFT_OPTIMIZATION_LEVEL = "-Onone";
			};
			name = Debug;
		};
		574E46AA2699BDDE00A94A85 /* Release */ = {
			isa = XCBuildConfiguration;
			buildSettings = {
				ALWAYS_SEARCH_USER_PATHS = NO;
				CLANG_ANALYZER_NONNULL = YES;
				CLANG_ANALYZER_NUMBER_OBJECT_CONVERSION = YES_AGGRESSIVE;
				CLANG_CXX_LANGUAGE_STANDARD = "gnu++14";
				CLANG_CXX_LIBRARY = "libc++";
				CLANG_ENABLE_MODULES = YES;
				CLANG_ENABLE_OBJC_ARC = YES;
				CLANG_ENABLE_OBJC_WEAK = YES;
				CLANG_WARN_BLOCK_CAPTURE_AUTORELEASING = YES;
				CLANG_WARN_BOOL_CONVERSION = YES;
				CLANG_WARN_COMMA = YES;
				CLANG_WARN_CONSTANT_CONVERSION = YES;
				CLANG_WARN_DEPRECATED_OBJC_IMPLEMENTATIONS = YES;
				CLANG_WARN_DIRECT_OBJC_ISA_USAGE = YES_ERROR;
				CLANG_WARN_DOCUMENTATION_COMMENTS = YES;
				CLANG_WARN_EMPTY_BODY = YES;
				CLANG_WARN_ENUM_CONVERSION = YES;
				CLANG_WARN_INFINITE_RECURSION = YES;
				CLANG_WARN_INT_CONVERSION = YES;
				CLANG_WARN_NON_LITERAL_NULL_CONVERSION = YES;
				CLANG_WARN_OBJC_IMPLICIT_RETAIN_SELF = YES;
				CLANG_WARN_OBJC_LITERAL_CONVERSION = YES;
				CLANG_WARN_OBJC_ROOT_CLASS = YES_ERROR;
				CLANG_WARN_QUOTED_INCLUDE_IN_FRAMEWORK_HEADER = YES;
				CLANG_WARN_RANGE_LOOP_ANALYSIS = YES;
				CLANG_WARN_STRICT_PROTOTYPES = YES;
				CLANG_WARN_SUSPICIOUS_MOVE = YES;
				CLANG_WARN_UNGUARDED_AVAILABILITY = YES_AGGRESSIVE;
				CLANG_WARN_UNREACHABLE_CODE = YES;
				CLANG_WARN__DUPLICATE_METHOD_MATCH = YES;
				COPY_PHASE_STRIP = NO;
				DEBUG_INFORMATION_FORMAT = "dwarf-with-dsym";
				ENABLE_NS_ASSERTIONS = NO;
				ENABLE_STRICT_OBJC_MSGSEND = YES;
				GCC_C_LANGUAGE_STANDARD = gnu11;
				GCC_NO_COMMON_BLOCKS = YES;
				GCC_WARN_64_TO_32_BIT_CONVERSION = YES;
				GCC_WARN_ABOUT_RETURN_TYPE = YES_ERROR;
				GCC_WARN_UNDECLARED_SELECTOR = YES;
				GCC_WARN_UNINITIALIZED_AUTOS = YES_AGGRESSIVE;
				GCC_WARN_UNUSED_FUNCTION = YES;
				GCC_WARN_UNUSED_VARIABLE = YES;
				IPHONEOS_DEPLOYMENT_TARGET = 14.4;
				MTL_ENABLE_DEBUG_INFO = NO;
				MTL_FAST_MATH = YES;
				SDKROOT = iphoneos;
				SWIFT_COMPILATION_MODE = wholemodule;
				SWIFT_OPTIMIZATION_LEVEL = "-O";
				VALIDATE_PRODUCT = YES;
			};
			name = Release;
		};
		574E46AC2699BDDE00A94A85 /* Debug */ = {
			isa = XCBuildConfiguration;
			baseConfigurationReference = 0125DB786AF687C6DC16E642 /* Pods-NutritionAnalysis.debug.xcconfig */;
			buildSettings = {
				ASSETCATALOG_COMPILER_APPICON_NAME = AppIcon;
				ASSETCATALOG_COMPILER_GLOBAL_ACCENT_COLOR_NAME = AccentColor;
				CODE_SIGN_STYLE = Automatic;
				INFOPLIST_FILE = "$(SRCROOT)/NutritionAnalysis/Configuration/Info.plist";
				IPHONEOS_DEPLOYMENT_TARGET = 13.0;
				LD_RUNPATH_SEARCH_PATHS = (
					"$(inherited)",
					"@executable_path/Frameworks",
				);
				PRODUCT_BUNDLE_IDENTIFIER = BMDigitalFactory.NutritionAnalysis;
				PRODUCT_NAME = "$(TARGET_NAME)";
				SWIFT_VERSION = 5.0;
				TARGETED_DEVICE_FAMILY = 1;
			};
			name = Debug;
		};
		574E46AD2699BDDE00A94A85 /* Release */ = {
			isa = XCBuildConfiguration;
			baseConfigurationReference = CB274629C624CAA3C800F0E7 /* Pods-NutritionAnalysis.release.xcconfig */;
			buildSettings = {
				ASSETCATALOG_COMPILER_APPICON_NAME = AppIcon;
				ASSETCATALOG_COMPILER_GLOBAL_ACCENT_COLOR_NAME = AccentColor;
				CODE_SIGN_STYLE = Automatic;
				INFOPLIST_FILE = "$(SRCROOT)/NutritionAnalysis/Configuration/Info.plist";
				IPHONEOS_DEPLOYMENT_TARGET = 13.0;
				LD_RUNPATH_SEARCH_PATHS = (
					"$(inherited)",
					"@executable_path/Frameworks",
				);
				PRODUCT_BUNDLE_IDENTIFIER = BMDigitalFactory.NutritionAnalysis;
				PRODUCT_NAME = "$(TARGET_NAME)";
				SWIFT_VERSION = 5.0;
				TARGETED_DEVICE_FAMILY = 1;
			};
			name = Release;
		};
/* End XCBuildConfiguration section */

/* Begin XCConfigurationList section */
		574E46922699BDDA00A94A85 /* Build configuration list for PBXProject "NutritionAnalysis" */ = {
			isa = XCConfigurationList;
			buildConfigurations = (
				574E46A92699BDDE00A94A85 /* Debug */,
				574E46AA2699BDDE00A94A85 /* Release */,
			);
			defaultConfigurationIsVisible = 0;
			defaultConfigurationName = Release;
		};
		574E46AB2699BDDE00A94A85 /* Build configuration list for PBXNativeTarget "NutritionAnalysis" */ = {
			isa = XCConfigurationList;
			buildConfigurations = (
				574E46AC2699BDDE00A94A85 /* Debug */,
				574E46AD2699BDDE00A94A85 /* Release */,
			);
			defaultConfigurationIsVisible = 0;
			defaultConfigurationName = Release;
		};
/* End XCConfigurationList section */
	};
	rootObject = 574E468F2699BDDA00A94A85 /* Project object */;
}
